{
  "object": {
    "pins": [
      {
        "package": "async-kit",
        "repositoryURL": "https://github.com/vapor/async-kit.git",
        "state": {
          "branch": null,
          "revision": "7457413e57dbfac762b32dd30c1caf2c55a02a3d",
          "version": "1.2.0"
        }
      },
      {
        "package": "Cryptor",
        "repositoryURL": "https://github.com/IBM-Swift/BlueCryptor.git",
        "state": {
          "branch": null,
          "revision": "12d2bf3ec7207ec3cd004b9582f69ef5fae1da3b",
          "version": "1.0.32"
        }
      },
      {
        "package": "combine-schedulers",
        "repositoryURL": "https://github.com/pointfreeco/combine-schedulers",
        "state": {
          "branch": "iso",
          "revision": "3f50fc8baa1a5036a0cd889ecc92ab0c3c575c59",
          "version": null
        }
      },
      {
        "package": "postgres-kit",
        "repositoryURL": "https://github.com/vapor/postgres-kit",
        "state": {
          "branch": null,
          "revision": "cbbe3ef8a0a8800301b8b76ab0f09dfc9e7306a2",
          "version": "2.2.0"
        }
      },
      {
        "package": "postgres-nio",
        "repositoryURL": "https://github.com/vapor/postgres-nio.git",
        "state": {
          "branch": null,
          "revision": "3cf24967e54e3e63809593273b45b4e8135da6aa",
          "version": "1.4.0"
        }
      },
      {
        "package": "sql-kit",
        "repositoryURL": "https://github.com/vapor/sql-kit.git",
        "state": {
          "branch": null,
          "revision": "ea9928b7f4a801b175a00b982034d9c54ecb6167",
          "version": "3.7.0"
        }
      },
      {
        "package": "swift-backtrace",
        "repositoryURL": "https://github.com/swift-server/swift-backtrace.git",
        "state": {
          "branch": null,
          "revision": "f2fd8c4845a123419c348e0bc4b3839c414077d5",
          "version": "1.2.0"
        }
      },
      {
        "package": "swift-case-paths",
        "repositoryURL": "https://github.com/pointfreeco/swift-case-paths",
        "state": {
          "branch": null,
          "revision": "ed1838ab4fa5d47db8aa640736dd5b7672548873",
          "version": "0.1.2"
        }
      },
      {
        "package": "swift-composable-architecture",
        "repositoryURL": "https://github.com/pointfreeco/swift-composable-architecture.git",
        "state": {
          "branch": "iso",
          "revision": "e906ee1616203660736c1c9856196d22ba988199",
          "version": null
        }
      },
      {
        "package": "swift-crypto",
        "repositoryURL": "https://github.com/apple/swift-crypto.git",
        "state": {
          "branch": null,
          "revision": "9680b7251cd2be22caaed8f1468bd9e8915a62fb",
          "version": "1.1.2"
        }
      },
      {
        "package": "swift-gen",
        "repositoryURL": "https://github.com/pointfreeco/swift-gen.git",
        "state": {
          "branch": null,
          "revision": "fa11f64f5473d6f37f5f477f2c7929e527589634",
          "version": "0.3.0"
        }
      },
      {
        "package": "Html",
        "repositoryURL": "https://github.com/pointfreeco/swift-html",
        "state": {
          "branch": "3a1b7e4",
          "revision": "3a1b7e4d50f4474b50b1e0a0d34fdf0ec9fa6cd2",
          "version": null
        }
      },
      {
        "package": "swift-log",
        "repositoryURL": "https://github.com/apple/swift-log.git",
        "state": {
          "branch": null,
          "revision": "173f567a2dfec11d74588eea82cecea555bdc0bc",
          "version": "1.4.0"
        }
      },
      {
        "package": "swift-metrics",
        "repositoryURL": "https://github.com/apple/swift-metrics.git",
        "state": {
          "branch": null,
          "revision": "708b960b4605abb20bc55d65abf6bad607252200",
          "version": "2.0.0"
        }
      },
      {
        "package": "swift-nio",
        "repositoryURL": "https://github.com/apple/swift-nio.git",
        "state": {
          "branch": null,
          "revision": "c3e2359c55cd8b47207ab7363b77c9c398a95294",
          "version": "2.23.0"
        }
      },
      {
        "package": "swift-nio-extras",
        "repositoryURL": "https://github.com/apple/swift-nio-extras.git",
        "state": {
          "branch": null,
          "revision": "e5b5d191a80667a14827bfeb0ae4a511f7677942",
          "version": "1.7.0"
        }
      },
      {
        "package": "swift-nio-ssl",
        "repositoryURL": "https://github.com/apple/swift-nio-ssl.git",
        "state": {
          "branch": null,
          "revision": "cc0e80dbccf8c89c1f49c3a11c5929575035076c",
          "version": "2.9.2"
        }
      },
      {
        "package": "Overture",
        "repositoryURL": "https://github.com/pointfreeco/swift-overture.git",
        "state": {
          "branch": null,
          "revision": "7977acd7597f413717058acc1e080731249a1d7e",
          "version": "0.5.0"
        }
      },
      {
        "package": "Prelude",
        "repositoryURL": "https://github.com/pointfreeco/swift-prelude.git",
        "state": {
          "branch": "9240a1f",
          "revision": "9240a1f951c382e1c7387762c6cd94042baba531",
          "version": null
        }
      },
      {
        "package": "SnapshotTesting",
        "repositoryURL": "https://github.com/pointfreeco/swift-snapshot-testing.git",
        "state": {
          "branch": null,
          "revision": "c466812aa2e22898f27557e2e780d3aad7a27203",
          "version": "1.8.2"
        }
      },
      {
        "package": "swift-tagged",
        "repositoryURL": "https://github.com/pointfreeco/swift-tagged.git",
        "state": {
          "branch": "iso",
          "revision": "7be7d22976e4eb79c6f31715b03a56f0aa47423f",
          "version": null
        }
      },
      {
        "package": "Web",
        "repositoryURL": "https://github.com/pointfreeco/swift-web.git",
        "state": {
          "branch": "616f365",
          "revision": "616f365ac7c94e1d9adbec3799afeeebea63913a",
          "version": null
        }
      },
      {
        "package": "SwiftAWSSignatureV4",
        "repositoryURL": "https://github.com/crspybits/SwiftAWSSignatureV4",
        "state": {
          "branch": null,
          "revision": "c66f2db1211ad1969e3d11791b9de62361c78f45",
          "version": "1.2.1"
        }
      },
      {
        "package": "xctest-dynamic-overlay",
        "repositoryURL": "https://github.com/pointfreeco/xctest-dynamic-overlay",
        "state": {
          "branch": null,
          "revision": "603974e3909ad4b48ba04aad7e0ceee4f077a518",
          "version": "0.1.0"
        }
      }
    ]
  },
  "version": 1
}
