{
  "object": {
    "pins": [
      {
        "package": "async-kit",
        "repositoryURL": "https://github.com/vapor/async-kit.git",
        "state": {
          "branch": null,
          "revision": "c1de408100a2f2e4ab2ea06512e8635bc1a59144",
          "version": "1.3.1"
        }
      },
      {
        "package": "Cryptor",
        "repositoryURL": "https://github.com/IBM-Swift/BlueCryptor.git",
        "state": {
          "branch": null,
          "revision": "12d2bf3ec7207ec3cd004b9582f69ef5fae1da3b",
          "version": "1.0.32"
        }
      },
      {
        "package": "combine-schedulers",
        "repositoryURL": "https://github.com/pointfreeco/combine-schedulers",
        "state": {
          "branch": null,
          "revision": "c37e5ae8012fb654af776cc556ff8ae64398c841",
          "version": "0.5.0"
        }
      },
      {
        "package": "postgres-kit",
        "repositoryURL": "https://github.com/vapor/postgres-kit",
        "state": {
          "branch": null,
          "revision": "cbbe3ef8a0a8800301b8b76ab0f09dfc9e7306a2",
          "version": "2.2.0"
        }
      },
      {
        "package": "postgres-nio",
        "repositoryURL": "https://github.com/vapor/postgres-nio.git",
        "state": {
          "branch": null,
          "revision": "33eea144f465a48b17f4c63573c40d33824fdde4",
          "version": "1.5.2"
        }
      },
      {
        "package": "sql-kit",
        "repositoryURL": "https://github.com/vapor/sql-kit.git",
        "state": {
          "branch": null,
          "revision": "b70d1fea1b544dd819c17e83d59fb9aa85c81e74",
          "version": "3.10.0"
        }
      },
      {
        "package": "swift-backtrace",
        "repositoryURL": "https://github.com/swift-server/swift-backtrace.git",
        "state": {
          "branch": null,
          "revision": "f2fd8c4845a123419c348e0bc4b3839c414077d5",
          "version": "1.2.0"
        }
      },
      {
        "package": "swift-case-paths",
        "repositoryURL": "https://github.com/pointfreeco/swift-case-paths",
        "state": {
          "branch": null,
          "revision": "45da9b897f79d6ba1091c0b6b0141084b17337b7",
          "version": "0.6.1"
        }
      },
      {
        "package": "swift-collections",
        "repositoryURL": "https://github.com/apple/swift-collections",
        "state": {
          "branch": null,
          "revision": "3426dba9ee5c9f8e4981b0fc9d39a818d36eec28",
          "version": "0.0.4"
        }
      },
      {
        "package": "swift-composable-architecture",
        "repositoryURL": "https://github.com/pointfreeco/swift-composable-architecture.git",
        "state": {
          "branch": "iso",
          "revision": "c60fe0c7b1fc5f5d870c0c1dfc73da94d897a2f6",
          "version": null
        }
      },
      {
        "package": "swift-crypto",
        "repositoryURL": "https://github.com/apple/swift-crypto.git",
        "state": {
          "branch": null,
          "revision": "3bea268b223651c4ab7b7b9ad62ef9b2d4143eb6",
          "version": "1.1.6"
        }
      },
      {
        "package": "swift-gen",
        "repositoryURL": "https://github.com/pointfreeco/swift-gen.git",
        "state": {
          "branch": null,
          "revision": "fa11f64f5473d6f37f5f477f2c7929e527589634",
          "version": "0.3.0"
        }
      },
      {
        "package": "Html",
        "repositoryURL": "https://github.com/pointfreeco/swift-html",
        "state": {
          "branch": "3a1b7e4",
          "revision": "3a1b7e4d50f4474b50b1e0a0d34fdf0ec9fa6cd2",
          "version": null
        }
      },
      {
        "package": "swift-identified-collections",
        "repositoryURL": "https://github.com/pointfreeco/swift-identified-collections",
        "state": {
          "branch": null,
          "revision": "edececbdb56b07e9402f2f3f5b907d220a28b4ea",
          "version": "0.1.1"
        }
      },
      {
        "package": "swift-log",
        "repositoryURL": "https://github.com/apple/swift-log.git",
        "state": {
          "branch": null,
          "revision": "5d66f7ba25daf4f94100e7022febf3c75e37a6c7",
          "version": "1.4.2"
        }
      },
      {
        "package": "swift-metrics",
        "repositoryURL": "https://github.com/apple/swift-metrics.git",
        "state": {
          "branch": null,
          "revision": "e382458581b05839a571c578e90060fff499f101",
          "version": "2.1.1"
        }
      },
      {
        "package": "swift-nio",
        "repositoryURL": "https://github.com/apple/swift-nio.git",
        "state": {
          "branch": null,
          "revision": "d79e33308b0ac83326b0ead0ea6446e604b8162d",
          "version": "2.30.0"
        }
      },
      {
        "package": "swift-nio-extras",
        "repositoryURL": "https://github.com/apple/swift-nio-extras.git",
        "state": {
          "branch": null,
          "revision": "f72c4688f89c28502105509186eadc49a49cb922",
          "version": "1.10.0"
        }
      },
      {
        "package": "swift-nio-ssl",
        "repositoryURL": "https://github.com/apple/swift-nio-ssl.git",
        "state": {
          "branch": null,
          "revision": "9db7cee4b62c39160a6bd513a47a1ecdcceac18a",
          "version": "2.14.0"
        }
      },
      {
        "package": "Overture",
        "repositoryURL": "https://github.com/pointfreeco/swift-overture.git",
        "state": {
          "branch": null,
          "revision": "7977acd7597f413717058acc1e080731249a1d7e",
          "version": "0.5.0"
        }
      },
      {
        "package": "Prelude",
        "repositoryURL": "https://github.com/pointfreeco/swift-prelude.git",
        "state": {
          "branch": "9240a1f",
          "revision": "9240a1f951c382e1c7387762c6cd94042baba531",
          "version": null
        }
      },
      {
        "package": "SnapshotTesting",
        "repositoryURL": "https://github.com/pointfreeco/swift-snapshot-testing.git",
        "state": {
          "branch": null,
          "revision": "c466812aa2e22898f27557e2e780d3aad7a27203",
          "version": "1.8.2"
        }
      },
      {
        "package": "swift-tagged",
        "repositoryURL": "https://github.com/pointfreeco/swift-tagged.git",
        "state": {
          "branch": "iso",
          "revision": "7be7d22976e4eb79c6f31715b03a56f0aa47423f",
          "version": null
        }
      },
      {
        "package": "Web",
        "repositoryURL": "https://github.com/pointfreeco/swift-web.git",
        "state": {
          "branch": "616f365",
          "revision": "616f365ac7c94e1d9adbec3799afeeebea63913a",
          "version": null
        }
      },
      {
        "package": "SwiftAWSSignatureV4",
        "repositoryURL": "https://github.com/crspybits/SwiftAWSSignatureV4",
        "state": {
          "branch": null,
          "revision": "c66f2db1211ad1969e3d11791b9de62361c78f45",
          "version": "1.2.1"
        }
      },
      {
        "package": "xctest-dynamic-overlay",
        "repositoryURL": "https://github.com/pointfreeco/xctest-dynamic-overlay",
        "state": {
          "branch": null,
          "revision": "152390e9e78ebbf0d767ee52971d41e7f44f39bc",
          "version": "0.1.1"
        }
      }
    ]
  },
  "version": 1
}
