<?xml version="1.0" encoding="UTF-8"?>
<Scheme
   LastUpgradeVersion = "1250"
   version = "1.3">
   <BuildAction
      parallelizeBuildables = "YES"
      buildImplicitDependencies = "YES">
      <BuildActionEntries>
         <BuildActionEntry
            buildForTesting = "YES"
            buildForRunning = "YES"
            buildForProfiling = "YES"
            buildForArchiving = "YES"
            buildForAnalyzing = "YES">
            <BuildableReference
               BuildableIdentifier = "primary"
               BlueprintIdentifier = "DC9D468B24CF8DC20052B234"
               BuildableName = "isowords.app"
               BlueprintName = "isowords"
               ReferencedContainer = "container:isowords.xcodeproj">
            </BuildableReference>
         </BuildActionEntry>
         <BuildActionEntry
            buildForTesting = "YES"
            buildForRunning = "NO"
            buildForProfiling = "NO"
            buildForArchiving = "NO"
            buildForAnalyzing = "NO">
            <BuildableReference
               BuildableIdentifier = "primary"
               BlueprintIdentifier = "AppFeatureTests"
               BuildableName = "AppFeatureTests"
               BlueprintName = "AppFeatureTests"
               ReferencedContainer = "container:..">
            </BuildableReference>
         </BuildActionEntry>
         <BuildActionEntry
            buildForTesting = "YES"
            buildForRunning = "NO"
            buildForProfiling = "NO"
            buildForArchiving = "NO"
            buildForAnalyzing = "NO">
            <BuildableReference
               BuildableIdentifier = "primary"
               BlueprintIdentifier = "AppStoreSnapshotTests"
               BuildableName = "AppStoreSnapshotTests"
               BlueprintName = "AppStoreSnapshotTests"
               ReferencedContainer = "container:..">
            </BuildableReference>
         </BuildActionEntry>
         <BuildActionEntry
            buildForTesting = "YES"
            buildForRunning = "NO"
            buildForProfiling = "NO"
            buildForArchiving = "NO"
            buildForAnalyzing = "NO">
            <BuildableReference
               BuildableIdentifier = "primary"
               BlueprintIdentifier = "ChangelogFeatureTests"
               BuildableName = "ChangelogFeatureTests"
               BlueprintName = "ChangelogFeatureTests"
               ReferencedContainer = "container:..">
            </BuildableReference>
         </BuildActionEntry>
         <BuildActionEntry
            buildForTesting = "YES"
            buildForRunning = "NO"
            buildForProfiling = "NO"
            buildForArchiving = "NO"
            buildForAnalyzing = "NO">
            <BuildableReference
               BuildableIdentifier = "primary"
               BlueprintIdentifier = "ClientModelsTests"
               BuildableName = "ClientModelsTests"
               BlueprintName = "ClientModelsTests"
               ReferencedContainer = "container:..">
            </BuildableReference>
         </BuildActionEntry>
         <BuildActionEntry
            buildForTesting = "YES"
            buildForRunning = "NO"
            buildForProfiling = "NO"
            buildForArchiving = "NO"
            buildForAnalyzing = "NO">
            <BuildableReference
               BuildableIdentifier = "primary"
               BlueprintIdentifier = "DailyChallengeFeatureIntegrationTests"
               BuildableName = "DailyChallengeFeatureIntegrationTests"
               BlueprintName = "DailyChallengeFeatureIntegrationTests"
               ReferencedContainer = "container:..">
            </BuildableReference>
         </BuildActionEntry>
         <BuildActionEntry
            buildForTesting = "YES"
            buildForRunning = "NO"
            buildForProfiling = "NO"
            buildForArchiving = "NO"
            buildForAnalyzing = "NO">
            <BuildableReference
               BuildableIdentifier = "primary"
               BlueprintIdentifier = "GameOverFeatureIntegrationTests"
               BuildableName = "GameOverFeatureIntegrationTests"
               BlueprintName = "GameOverFeatureIntegrationTests"
               ReferencedContainer = "container:..">
            </BuildableReference>
         </BuildActionEntry>
         <BuildActionEntry
            buildForTesting = "YES"
            buildForRunning = "NO"
            buildForProfiling = "NO"
            buildForArchiving = "NO"
            buildForAnalyzing = "NO">
            <BuildableReference
               BuildableIdentifier = "primary"
               BlueprintIdentifier = "SharedModelsTests"
               BuildableName = "SharedModelsTests"
               BlueprintName = "SharedModelsTests"
               ReferencedContainer = "container:..">
            </BuildableReference>
         </BuildActionEntry>
         <BuildActionEntry
            buildForTesting = "YES"
            buildForRunning = "NO"
            buildForProfiling = "NO"
            buildForArchiving = "NO"
            buildForAnalyzing = "NO">
            <BuildableReference
               BuildableIdentifier = "primary"
               BlueprintIdentifier = "UpgradeInterstitialFeatureTests"
               BuildableName = "UpgradeInterstitialFeatureTests"
               BlueprintName = "UpgradeInterstitialFeatureTests"
               ReferencedContainer = "container:..">
            </BuildableReference>
         </BuildActionEntry>
      </BuildActionEntries>
   </BuildAction>
   <TestAction
      buildConfiguration = "Debug"
      selectedDebuggerIdentifier = "Xcode.DebuggerFoundation.Debugger.LLDB"
      selectedLauncherIdentifier = "Xcode.DebuggerFoundation.Launcher.LLDB"
      shouldUseLaunchSchemeArgsEnv = "YES">
      <Testables>
         <TestableReference
            skipped = "NO">
            <BuildableReference
               BuildableIdentifier = "primary"
               BlueprintIdentifier = "CubePreviewTests"
               BuildableName = "CubePreviewTests"
               BlueprintName = "CubePreviewTests"
               ReferencedContainer = "container:..">
            </BuildableReference>
         </TestableReference>
         <TestableReference
            skipped = "NO">
            <BuildableReference
               BuildableIdentifier = "primary"
               BlueprintIdentifier = "DailyChallengeFeatureTests"
               BuildableName = "DailyChallengeFeatureTests"
               BlueprintName = "DailyChallengeFeatureTests"
               ReferencedContainer = "container:..">
            </BuildableReference>
         </TestableReference>
         <TestableReference
            skipped = "NO">
            <BuildableReference
               BuildableIdentifier = "primary"
               BlueprintIdentifier = "DictionaryFileClientTests"
               BuildableName = "DictionaryFileClientTests"
               BlueprintName = "DictionaryFileClientTests"
               ReferencedContainer = "container:..">
            </BuildableReference>
         </TestableReference>
         <TestableReference
            skipped = "NO">
            <BuildableReference
               BuildableIdentifier = "primary"
               BlueprintIdentifier = "DictionarySqliteClientTests"
               BuildableName = "DictionarySqliteClientTests"
               BlueprintName = "DictionarySqliteClientTests"
               ReferencedContainer = "container:..">
            </BuildableReference>
         </TestableReference>
         <TestableReference
            skipped = "NO">
            <BuildableReference
               BuildableIdentifier = "primary"
               BlueprintIdentifier = "GameCoreTests"
               BuildableName = "GameCoreTests"
               BlueprintName = "GameCoreTests"
               ReferencedContainer = "container:..">
            </BuildableReference>
         </TestableReference>
         <TestableReference
            skipped = "NO">
            <BuildableReference
               BuildableIdentifier = "primary"
               BlueprintIdentifier = "GameFeatureTests"
               BuildableName = "GameFeatureTests"
               BlueprintName = "GameFeatureTests"
               ReferencedContainer = "container:..">
            </BuildableReference>
         </TestableReference>
         <TestableReference
            skipped = "NO">
            <BuildableReference
               BuildableIdentifier = "primary"
               BlueprintIdentifier = "GameOverFeatureTests"
               BuildableName = "GameOverFeatureTests"
               BlueprintName = "GameOverFeatureTests"
               ReferencedContainer = "container:..">
            </BuildableReference>
         </TestableReference>
         <TestableReference
            skipped = "NO">
            <BuildableReference
               BuildableIdentifier = "primary"
               BlueprintIdentifier = "HomeFeatureTests"
               BuildableName = "HomeFeatureTests"
               BlueprintName = "HomeFeatureTests"
               ReferencedContainer = "container:..">
            </BuildableReference>
         </TestableReference>
         <TestableReference
            skipped = "NO">
            <BuildableReference
               BuildableIdentifier = "primary"
               BlueprintIdentifier = "LeaderboardFeatureTests"
               BuildableName = "LeaderboardFeatureTests"
               BlueprintName = "LeaderboardFeatureTests"
               ReferencedContainer = "container:..">
            </BuildableReference>
         </TestableReference>
         <TestableReference
            skipped = "NO">
            <BuildableReference
               BuildableIdentifier = "primary"
               BlueprintIdentifier = "MultiplayerFeatureTests"
               BuildableName = "MultiplayerFeatureTests"
               BlueprintName = "MultiplayerFeatureTests"
               ReferencedContainer = "container:..">
            </BuildableReference>
         </TestableReference>
         <TestableReference
            skipped = "NO">
            <BuildableReference
               BuildableIdentifier = "primary"
               BlueprintIdentifier = "OnboardingFeatureTests"
               BuildableName = "OnboardingFeatureTests"
               BlueprintName = "OnboardingFeatureTests"
               ReferencedContainer = "container:..">
            </BuildableReference>
         </TestableReference>
         <TestableReference
            skipped = "NO">
            <BuildableReference
               BuildableIdentifier = "primary"
               BlueprintIdentifier = "SettingsFeatureTests"
               BuildableName = "SettingsFeatureTests"
               BlueprintName = "SettingsFeatureTests"
               ReferencedContainer = "container:..">
            </BuildableReference>
         </TestableReference>
         <TestableReference
            skipped = "NO">
            <BuildableReference
               BuildableIdentifier = "primary"
               BlueprintIdentifier = "ServerRouterTests"
               BuildableName = "ServerRouterTests"
               BlueprintName = "ServerRouterTests"
               ReferencedContainer = "container:..">
            </BuildableReference>
         </TestableReference>
         <TestableReference
            skipped = "NO">
            <BuildableReference
               BuildableIdentifier = "primary"
               BlueprintIdentifier = "SharedModelsTests"
               BuildableName = "SharedModelsTests"
               BlueprintName = "SharedModelsTests"
               ReferencedContainer = "container:..">
            </BuildableReference>
         </TestableReference>
         <TestableReference
            skipped = "NO">
            <BuildableReference
               BuildableIdentifier = "primary"
               BlueprintIdentifier = "UpgradeInterstitialFeatureTests"
               BuildableName = "UpgradeInterstitialFeatureTests"
               BlueprintName = "UpgradeInterstitialFeatureTests"
               ReferencedContainer = "container:..">
            </BuildableReference>
         </TestableReference>
      </Testables>
   </TestAction>
   <LaunchAction
      buildConfiguration = "Debug"
      selectedDebuggerIdentifier = "Xcode.DebuggerFoundation.Debugger.LLDB"
      selectedLauncherIdentifier = "Xcode.DebuggerFoundation.Launcher.LLDB"
      launchStyle = "0"
      useCustomWorkingDirectory = "NO"
      ignoresPersistentStateOnLaunch = "NO"
      debugDocumentVersioning = "YES"
      debugServiceExtension = "internal"
      allowLocationSimulation = "YES">
      <BuildableProductRunnable
         runnableDebuggingMode = "0">
         <BuildableReference
            BuildableIdentifier = "primary"
            BlueprintIdentifier = "DC9D468B24CF8DC20052B234"
            BuildableName = "isowords.app"
            BlueprintName = "isowords"
            ReferencedContainer = "container:isowords.xcodeproj">
         </BuildableReference>
      </BuildableProductRunnable>
   </LaunchAction>
   <ProfileAction
      buildConfiguration = "Release"
      shouldUseLaunchSchemeArgsEnv = "YES"
      savedToolIdentifier = ""
      useCustomWorkingDirectory = "NO"
      debugDocumentVersioning = "YES">
      <BuildableProductRunnable
         runnableDebuggingMode = "0">
         <BuildableReference
            BuildableIdentifier = "primary"
            BlueprintIdentifier = "DC9D468B24CF8DC20052B234"
            BuildableName = "isowords.app"
            BlueprintName = "isowords"
            ReferencedContainer = "container:isowords.xcodeproj">
         </BuildableReference>
      </BuildableProductRunnable>
   </ProfileAction>
   <AnalyzeAction
      buildConfiguration = "Debug">
   </AnalyzeAction>
   <ArchiveAction
      buildConfiguration = "Release"
      revealArchiveInOrganizer = "YES">
   </ArchiveAction>
</Scheme>
